{
  "name": "vue",
  "version": "1.0.0",
  "lockfileVersion": 1,
  "requires": true,
  "dependencies": {
    "vue": {
      "version": "2.5.7",
      "resolved": "https://registry.npmjs.org/vue/-/vue-2.5.7.tgz",
      "integrity": "sha512-eMsl1hMSw+/1o5+W9LnNKwQqOAhqAW8KfaQcPg0EjczMqU9o53VkLAQ5jk84aSYnOqeBCaLYHs0BB5iqNOuotA=="
    }
  }
}
